PODS:
  - Alamofire (5.6.4)
  - Network (0.1.0):
    - Alamofire (~> 5.4)
    - ObjectMapper (= 4.2.0)
    - RxSwift (~> 5)
    - SVProgressHUD
    - TUSKit (~> 1.4.2)
  - ObjectMapper (4.2.0)
  - RxSwift (5.1.3)
  - SVProgressHUD (2.2.5)
  - TUSKit (1.4.2)

DEPENDENCIES:
  - Alamofire (~> 5.4)
  - Network (from `../`)
  - ObjectMapper (= 4.2.0)
  - RxSwift (~> 5)
  - SVProgressHUD
  - TUSKit (~> 1.4.2)

SPEC REPOS:
  trunk:
    - Alamofire
    - ObjectMapper
    - RxSwift
    - SVProgressHUD
    - TUSKit

EXTERNAL SOURCES:
  Network:
    :path: "../"

SPEC CHECKSUMS:
  Alamofire: 4e95d97098eacb88856099c4fc79b526a299e48c
  Network: 4b4e5bd8b712e67f88eff95905c6a2434ad72563
  ObjectMapper: 1eb41f610210777375fa806bf161dc39fb832b81
  RxSwift: 915abbdfb62214aa89ccd0b194d44fb478019b27
  SVProgressHUD: 1428aafac632c1f86f62aa4243ec12008d7a51d6
  TUSKit: 4bcc2fe13e1b4d6c3bfbaca57d64e64c1be31201

PODFILE CHECKSUM: 3273c921e11f59109d1eba85b59957cba793fa60

COCOAPODS: 1.11.3
